Microsoft Visual Studio Solution File, Format Version 12.00
# Visual Studio Version 17
VisualStudioVersion = 17.11.35222.181
MinimumVisualStudioVersion = 10.0.40219.1
Project("{9A19103F-16F7-4668-BE54-9A1E7A4F7556}") = "HowToCreateFieldValueTemplate", "HowToCreateFieldValueTemplate\HowToCreateFieldValueTemplate.csproj", "{D94BECD9-7E4C-4BDE-B22C-6F8426CA91DA}"
EndProject
Global
	GlobalSection(SolutionConfigurationPlatforms) = preSolution
		Debug|Any CPU = Debug|Any CPU
		Release|Any CPU = Release|Any CPU
	EndGlobalSection
	GlobalSection(ProjectConfigurationPlatforms) = postSolution
		{D94BECD9-7E4C-4BDE-B22C-6F8426CA91DA}.Debug|Any CPU.ActiveCfg = Debug|x86
		{D94BECD9-7E4C-4BDE-B22C-6F8426CA91DA}.Debug|Any CPU.Build.0 = Debug|x86
		{D94BECD9-7E4C-4BDE-B22C-6F8426CA91DA}.Release|Any CPU.ActiveCfg = Release|x86
		{D94BECD9-7E4C-4BDE-B22C-6F8426CA91DA}.Release|Any CPU.Build.0 = Release|x86
	EndGlobalSection
	GlobalSection(SolutionProperties) = preSolution
		HideSolutionNode = FALSE
	EndGlobalSection
	GlobalSection(ExtensibilityGlobals) = postSolution
		SolutionGuid = {E82FDBA2-1684-4CE2-813D-A7511E242BC1}
	EndGlobalSection
EndGlobal
